
Microsoft Visual Studio Solution File, Format Version 12.00
# Visual Studio Version 16
VisualStudioVersion = 16.0.30128.74
MinimumVisualStudioVersion = 10.0.40219.1
Project("{FAE04EC0-301F-11D3-BF4B-00C04F79EFBC}") = "comic-book-Gallary", "comic-book-Gallary\comic-book-Gallary.csproj", "{43DC7094-C5B1-477C-B352-D03149F474C3}"
EndProject
Global
	GlobalSection(SolutionConfigurationPlatforms) = preSolution
		Debug|Any CPU = Debug|Any CPU
		Release|Any CPU = Release|Any CPU
	EndGlobalSection
	GlobalSection(ProjectConfigurationPlatforms) = postSolution
		{43DC7094-C5B1-477C-B352-D03149F474C3}.Debug|Any CPU.ActiveCfg = Debug|Any CPU
		{43DC7094-C5B1-477C-B352-D03149F474C3}.Debug|Any CPU.Build.0 = Debug|Any CPU
		{43DC7094-C5B1-477C-B352-D03149F474C3}.Release|Any CPU.ActiveCfg = Release|Any CPU
		{43DC7094-C5B1-477C-B352-D03149F474C3}.Release|Any CPU.Build.0 = Release|Any CPU
	EndGlobalSection
	GlobalSection(SolutionProperties) = preSolution
		HideSolutionNode = FALSE
	EndGlobalSection
	GlobalSection(ExtensibilityGlobals) = postSolution
		SolutionGuid = {A6DFE510-0D35-4658-B1F6-E4DA3047E8D4}
	EndGlobalSection
EndGlobal
